%{"certifi": {:hex, :certifi, "0.3.0"},
  "hackney": {:hex, :hackney, "1.4.8"},
  "httpoison": {:hex, :httpoison, "0.8.1"},
  "idna": {:hex, :idna, "1.0.3"},
  "mimerl": {:hex, :mimerl, "1.0.2"},
  "poison": {:hex, :poison, "2.0.1"},
  "slack_rtm": {:git, "https://github.com/mtgto/Elixir-SlackRTM.git", "75de4041e7297db735243557796f7df476f45091", []},
  "socket": {:git, "https://github.com/meh/elixir-socket.git", "fd7d726bc91164837b7ed06421b21322da07c8e8", []},
  "ssl_verify_hostname": {:hex, :ssl_verify_hostname, "1.0.5"}}
