%{"hackney": {:hex, :hackney, "1.1.0"},
  "httpoison": {:hex, :httpoison, "0.7.0"},
  "idna": {:hex, :idna, "1.0.2"},
  "poison": {:hex, :poison, "1.4.0"},
  "slack": {:git, "git://github.com/mtgto/Elixir-SlackRTM.git", "65f8c3c6b3fe79068af0b854d26bf47a960ecaaf", []},
  "slack_rtm": {:git, "git://github.com/mtgto/Elixir-SlackRTM.git", "829093124944ef3fef3b1484b123cbc8a40ada77", []},
  "socket": {:git, "git://github.com/meh/elixir-socket.git", "b943c8f382aad03faea6bdadbd8d07239bc02886", []},
  "ssl_verify_hostname": {:hex, :ssl_verify_hostname, "1.0.5"}}
